
Microsoft Visual Studio Solution File, Format Version 12.00
# Visual Studio Version 17
VisualStudioVersion = 17.3.32929.385
MinimumVisualStudioVersion = 10.0.40219.1
Project("{FAE04EC0-301F-11D3-BF4B-00C04F79EFBC}") = "shape", "shape.csproj", "{237277BA-58A5-45F8-B04B-76484C0843FF}"
EndProject
Global
	GlobalSection(SolutionConfigurationPlatforms) = preSolution
		Debug|Any CPU = Debug|Any CPU
		Release|Any CPU = Release|Any CPU
	EndGlobalSection
	GlobalSection(ProjectConfigurationPlatforms) = postSolution
		{237277BA-58A5-45F8-B04B-76484C0843FF}.Debug|Any CPU.ActiveCfg = Debug|Any CPU
		{237277BA-58A5-45F8-B04B-76484C0843FF}.Debug|Any CPU.Build.0 = Debug|Any CPU
		{237277BA-58A5-45F8-B04B-76484C0843FF}.Release|Any CPU.ActiveCfg = Release|Any CPU
		{237277BA-58A5-45F8-B04B-76484C0843FF}.Release|Any CPU.Build.0 = Release|Any CPU
	EndGlobalSection
	GlobalSection(SolutionProperties) = preSolution
		HideSolutionNode = FALSE
	EndGlobalSection
	GlobalSection(ExtensibilityGlobals) = postSolution
		SolutionGuid = {8765E032-18DA-4F85-97B5-CD784C954A06}
	EndGlobalSection
EndGlobal
