
Microsoft Visual Studio Solution File, Format Version 12.00
# Visual Studio Version 17
VisualStudioVersion = 17.3.32929.385
MinimumVisualStudioVersion = 10.0.40219.1
Project("{FAE04EC0-301F-11D3-BF4B-00C04F79EFBC}") = "2.4", "2.4.csproj", "{4C1A79F4-8009-4C05-BA80-E4ADF586C34A}"
EndProject
Global
	GlobalSection(SolutionConfigurationPlatforms) = preSolution
		Debug|Any CPU = Debug|Any CPU
		Release|Any CPU = Release|Any CPU
	EndGlobalSection
	GlobalSection(ProjectConfigurationPlatforms) = postSolution
		{4C1A79F4-8009-4C05-BA80-E4ADF586C34A}.Debug|Any CPU.ActiveCfg = Debug|Any CPU
		{4C1A79F4-8009-4C05-BA80-E4ADF586C34A}.Debug|Any CPU.Build.0 = Debug|Any CPU
		{4C1A79F4-8009-4C05-BA80-E4ADF586C34A}.Release|Any CPU.ActiveCfg = Release|Any CPU
		{4C1A79F4-8009-4C05-BA80-E4ADF586C34A}.Release|Any CPU.Build.0 = Release|Any CPU
	EndGlobalSection
	GlobalSection(SolutionProperties) = preSolution
		HideSolutionNode = FALSE
	EndGlobalSection
	GlobalSection(ExtensibilityGlobals) = postSolution
		SolutionGuid = {6066F420-BB0B-4F73-A748-9E35C04AD8D8}
	EndGlobalSection
EndGlobal
