
Microsoft Visual Studio Solution File, Format Version 12.00
# Visual Studio Version 17
VisualStudioVersion = 17.3.32929.385
MinimumVisualStudioVersion = 10.0.40219.1
Project("{FAE04EC0-301F-11D3-BF4B-00C04F79EFBC}") = "GenericList", "GenericList.csproj", "{2A72854A-6104-416A-A599-6AD80BFCFEAE}"
EndProject
Global
	GlobalSection(SolutionConfigurationPlatforms) = preSolution
		Debug|Any CPU = Debug|Any CPU
		Release|Any CPU = Release|Any CPU
	EndGlobalSection
	GlobalSection(ProjectConfigurationPlatforms) = postSolution
		{2A72854A-6104-416A-A599-6AD80BFCFEAE}.Debug|Any CPU.ActiveCfg = Debug|Any CPU
		{2A72854A-6104-416A-A599-6AD80BFCFEAE}.Debug|Any CPU.Build.0 = Debug|Any CPU
		{2A72854A-6104-416A-A599-6AD80BFCFEAE}.Release|Any CPU.ActiveCfg = Release|Any CPU
		{2A72854A-6104-416A-A599-6AD80BFCFEAE}.Release|Any CPU.Build.0 = Release|Any CPU
	EndGlobalSection
	GlobalSection(SolutionProperties) = preSolution
		HideSolutionNode = FALSE
	EndGlobalSection
	GlobalSection(ExtensibilityGlobals) = postSolution
		SolutionGuid = {02250134-3651-459C-8827-1D44615DDD50}
	EndGlobalSection
EndGlobal
